
Microsoft Visual Studio Solution File, Format Version 12.00
# Visual Studio Version 17
VisualStudioVersion = 17.14.37012.4 d17.14
MinimumVisualStudioVersion = 10.0.40219.1
Project("{FC65038C-1B2F-41E1-A629-BED71D161FFF}") = "SalesAIAssistant (ISV) [Fleet Management]", "SalesAIAssistant.rnrproj", "{2CAF5E56-5562-4289-AC29-91048CF74830}"
EndProject
Global
	GlobalSection(SolutionConfigurationPlatforms) = preSolution
		Debug|Any CPU = Debug|Any CPU
	EndGlobalSection
	GlobalSection(ProjectConfigurationPlatforms) = postSolution
		{2CAF5E56-5562-4289-AC29-91048CF74830}.Debug|Any CPU.ActiveCfg = Debug|Any CPU
		{2CAF5E56-5562-4289-AC29-91048CF74830}.Debug|Any CPU.Build.0 = Debug|Any CPU
	EndGlobalSection
	GlobalSection(SolutionProperties) = preSolution
		HideSolutionNode = FALSE
	EndGlobalSection
	GlobalSection(ExtensibilityGlobals) = postSolution
		SolutionGuid = {DABFF4A7-02D1-4184-A792-AC63B1E9ECFE}
	EndGlobalSection
EndGlobal
