
Microsoft Visual Studio Solution File, Format Version 12.00
# Visual Studio Version 17
VisualStudioVersion = 17.14.37216.2
MinimumVisualStudioVersion = 10.0.40219.1
Project("{FC65038C-1B2F-41E1-A629-BED71D161FFF}") = "OHMS_Scenario01_BlockCustomerDelete (USR) [OHMS]", "OHMS_Scenario01_BlockCustomerDelete\OHMS_Scenario01_BlockCustomerDelete.rnrproj", "{30BD25EE-BAF4-4692-9799-FDE97F593BA6}"
EndProject
Project("{FC65038C-1B2F-41E1-A629-BED71D161FFF}") = "OHMS_Scenario02_DefaultDeliveryInstructions (USR) [OHMS]", "OHMS_Scenario02_DefaultDeliveryInstructions\OHMS_Scenario02_DefaultDeliveryInstructions.rnrproj", "{A2E072E1-CC1D-45BD-8ED4-FB28215625AA}"
EndProject
Global
	GlobalSection(SolutionConfigurationPlatforms) = preSolution
		Debug|Any CPU = Debug|Any CPU
	EndGlobalSection
	GlobalSection(ProjectConfigurationPlatforms) = postSolution
		{30BD25EE-BAF4-4692-9799-FDE97F593BA6}.Debug|Any CPU.ActiveCfg = Debug|Any CPU
		{30BD25EE-BAF4-4692-9799-FDE97F593BA6}.Debug|Any CPU.Build.0 = Debug|Any CPU
		{A2E072E1-CC1D-45BD-8ED4-FB28215625AA}.Debug|Any CPU.ActiveCfg = Debug|Any CPU
		{A2E072E1-CC1D-45BD-8ED4-FB28215625AA}.Debug|Any CPU.Build.0 = Debug|Any CPU
	EndGlobalSection
	GlobalSection(SolutionProperties) = preSolution
		HideSolutionNode = FALSE
	EndGlobalSection
	GlobalSection(ExtensibilityGlobals) = postSolution
		SolutionGuid = {325B2A16-76C8-4A9A-8EBE-812C815F1E06}
	EndGlobalSection
EndGlobal
