
Microsoft Visual Studio Solution File, Format Version 12.00
# Visual Studio Version 17
VisualStudioVersion = 17.14.36623.8
MinimumVisualStudioVersion = 10.0.40219.1
Project("{FC65038C-1B2F-41E1-A629-BED71D161FFF}") = "Reports (USR) [OHMS]", "Reports.rnrproj", "{1328D23A-97EC-4182-ABE0-EB5CD366161E}"
EndProject
Global
	GlobalSection(SolutionConfigurationPlatforms) = preSolution
		Debug|Any CPU = Debug|Any CPU
	EndGlobalSection
	GlobalSection(ProjectConfigurationPlatforms) = postSolution
		{1328D23A-97EC-4182-ABE0-EB5CD366161E}.Debug|Any CPU.ActiveCfg = Debug|Any CPU
		{1328D23A-97EC-4182-ABE0-EB5CD366161E}.Debug|Any CPU.Build.0 = Debug|Any CPU
	EndGlobalSection
	GlobalSection(SolutionProperties) = preSolution
		HideSolutionNode = FALSE
	EndGlobalSection
	GlobalSection(ExtensibilityGlobals) = postSolution
		SolutionGuid = {56155471-ABD3-426C-AD48-6E08A2861816}
	EndGlobalSection
EndGlobal
