
Microsoft Visual Studio Solution File, Format Version 12.00
# Visual Studio Version 17
VisualStudioVersion = 17.14.36623.8 d17.14
MinimumVisualStudioVersion = 10.0.40219.1
Project("{FC65038C-1B2F-41E1-A629-BED71D161FFF}") = "CustomService (ISV) [Fleet Management]", "CustomService.rnrproj", "{9B659D1C-E5E9-4044-B787-3CD9110B328F}"
EndProject
Global
	GlobalSection(SolutionConfigurationPlatforms) = preSolution
		Debug|Any CPU = Debug|Any CPU
	EndGlobalSection
	GlobalSection(ProjectConfigurationPlatforms) = postSolution
		{9B659D1C-E5E9-4044-B787-3CD9110B328F}.Debug|Any CPU.ActiveCfg = Debug|Any CPU
		{9B659D1C-E5E9-4044-B787-3CD9110B328F}.Debug|Any CPU.Build.0 = Debug|Any CPU
	EndGlobalSection
	GlobalSection(SolutionProperties) = preSolution
		HideSolutionNode = FALSE
	EndGlobalSection
	GlobalSection(ExtensibilityGlobals) = postSolution
		SolutionGuid = {5ECE34E8-22FC-49E6-8F97-3EB589A59CB4}
	EndGlobalSection
EndGlobal
