
Microsoft Visual Studio Solution File, Format Version 12.00
# Visual Studio Version 17
VisualStudioVersion = 17.14.37216.2 d17.14
MinimumVisualStudioVersion = 10.0.40219.1
Project("{FC65038C-1B2F-41E1-A629-BED71D161FFF}") = "CustomerAccountStamentReport (ISV) [Fleet Management]", "CustomerAccountStamentReport.rnrproj", "{1970834E-CD26-425D-890C-3B3FBEEECF33}"
EndProject
Global
	GlobalSection(SolutionConfigurationPlatforms) = preSolution
		Debug|Any CPU = Debug|Any CPU
	EndGlobalSection
	GlobalSection(ProjectConfigurationPlatforms) = postSolution
		{1970834E-CD26-425D-890C-3B3FBEEECF33}.Debug|Any CPU.ActiveCfg = Debug|Any CPU
		{1970834E-CD26-425D-890C-3B3FBEEECF33}.Debug|Any CPU.Build.0 = Debug|Any CPU
	EndGlobalSection
	GlobalSection(SolutionProperties) = preSolution
		HideSolutionNode = FALSE
	EndGlobalSection
	GlobalSection(ExtensibilityGlobals) = postSolution
		SolutionGuid = {73165F3D-9282-4B65-8E86-63788AE4507B}
	EndGlobalSection
EndGlobal
